{
  "requires": true,
  "lockfileVersion": 1,
  "dependencies": {
    "after": {
      "version": "0.8.2",
      "resolved": "https://registry.npm.taobao.org/after/download/after-0.8.2.tgz",
      "integrity": "sha1-/ts5T58OAqqXaOcCvaI7UF+ufh8="
    },
    "arraybuffer.slice": {
      "version": "0.0.7",
      "resolved": "https://registry.npm.taobao.org/arraybuffer.slice/download/arraybuffer.slice-0.0.7.tgz",
      "integrity": "sha1-O7xCdd1YTMGxCAm4nU6LY6aednU="
    },
    "backo2": {
      "version": "1.0.2",
      "resolved": "https://registry.npm.taobao.org/backo2/download/backo2-1.0.2.tgz",
      "integrity": "sha1-MasayLEpNjRj41s+u2n038+6eUc="
    },
    "base64-arraybuffer": {
      "version": "0.1.5",
      "resolved": "https://registry.npm.taobao.org/base64-arraybuffer/download/base64-arraybuffer-0.1.5.tgz",
      "integrity": "sha1-c5JncZI7Whl0etZmqlzUv5xunOg="
    },
    "better-assert": {
      "version": "1.0.2",
      "resolved": "https://registry.npm.taobao.org/better-assert/download/better-assert-1.0.2.tgz",
      "integrity": "sha1-QIZrnhueC1W0gYlDEeaPr/rrxSI=",
      "requires": {
        "callsite": "1.0.0"
      }
    },
    "blob": {
      "version": "0.0.5",
      "resolved": "https://registry.npm.taobao.org/blob/download/blob-0.0.5.tgz",
      "integrity": "sha1-1oDu7yX4zZGtUz9bAe7UjmTK9oM="
    },
    "callsite": {
      "version": "1.0.0",
      "resolved": "https://registry.npm.taobao.org/callsite/download/callsite-1.0.0.tgz",
      "integrity": "sha1-KAOY5dZkvXQDi28JBRU+borxvCA="
    },
    "component-bind": {
      "version": "1.0.0",
      "resolved": "https://registry.npm.taobao.org/component-bind/download/component-bind-1.0.0.tgz",
      "integrity": "sha1-AMYIq33Nk4l8AAllGx06jh5zu9E="
    },
    "component-emitter": {
      "version": "1.2.1",
      "resolved": "https://registry.npm.taobao.org/component-emitter/download/component-emitter-1.2.1.tgz",
      "integrity": "sha1-E3kY1teCg/ffemt8WmPhQOaUJeY="
    },
    "component-inherit": {
      "version": "0.0.3",
      "resolved": "https://registry.npm.taobao.org/component-inherit/download/component-inherit-0.0.3.tgz",
      "integrity": "sha1-ZF/ErfWLcrZJ1crmUTVhnbJv8UM="
    },
    "debug": {
      "version": "3.2.7",
      "resolved": "https://registry.npm.taobao.org/debug/download/debug-3.2.7.tgz?cache=0&sync_timestamp=1607566548985&other_urls=https%3A%2F%2Fregistry.npm.taobao.org%2Fdebug%2Fdownload%2Fdebug-3.2.7.tgz",
      "integrity": "sha1-clgLfpFF+zm2Z2+cXl+xALk0F5o=",
      "requires": {
        "ms": "^2.1.1"
      }
    },
    "engine.io-client": {
      "version": "3.5.2",
      "resolved": "https://registry.nlark.com/engine.io-client/download/engine.io-client-3.5.2.tgz?cache=0&sync_timestamp=1620715727679&other_urls=https%3A%2F%2Fregistry.nlark.com%2Fengine.io-client%2Fdownload%2Fengine.io-client-3.5.2.tgz",
      "integrity": "sha1-DvRzYhKUAE6c7r5zzvCvnjby9fo=",
      "requires": {
        "component-emitter": "~1.3.0",
        "component-inherit": "0.0.3",
        "debug": "~3.1.0",
        "engine.io-parser": "~2.2.0",
        "has-cors": "1.1.0",
        "indexof": "0.0.1",
        "parseqs": "0.0.6",
        "parseuri": "0.0.6",
        "ws": "~7.4.2",
        "xmlhttprequest-ssl": "~1.6.2",
        "yeast": "0.1.2"
      },
      "dependencies": {
        "base64-arraybuffer": {
          "version": "0.1.4",
          "resolved": "https://registry.npm.taobao.org/base64-arraybuffer/download/base64-arraybuffer-0.1.4.tgz",
          "integrity": "sha1-mBjHngWbE1X5fgQooBfIOOkLqBI="
        },
        "component-emitter": {
          "version": "1.3.0",
          "resolved": "https://registry.npm.taobao.org/component-emitter/download/component-emitter-1.3.0.tgz",
          "integrity": "sha1-FuQHD7qK4ptnnyIVhT7hgasuq8A="
        },
        "debug": {
          "version": "3.1.0",
          "resolved": "https://registry.npm.taobao.org/debug/download/debug-3.1.0.tgz?cache=0&sync_timestamp=1607566548985&other_urls=https%3A%2F%2Fregistry.npm.taobao.org%2Fdebug%2Fdownload%2Fdebug-3.1.0.tgz",
          "integrity": "sha1-W7WgZyYotkFJVmuhaBnmFRjGcmE=",
          "requires": {
            "ms": "2.0.0"
          }
        },
        "engine.io-parser": {
          "version": "2.2.1",
          "resolved": "https://registry.npm.taobao.org/engine.io-parser/download/engine.io-parser-2.2.1.tgz",
          "integrity": "sha1-V85WEdk3DulPmWQbWJ+UyX5PXac=",
          "requires": {
            "after": "0.8.2",
            "arraybuffer.slice": "~0.0.7",
            "base64-arraybuffer": "0.1.4",
            "blob": "0.0.5",
            "has-binary2": "~1.0.2"
          }
        },
        "ms": {
          "version": "2.0.0",
          "resolved": "https://registry.npm.taobao.org/ms/download/ms-2.0.0.tgz?cache=0&sync_timestamp=1607433856030&other_urls=https%3A%2F%2Fregistry.npm.taobao.org%2Fms%2Fdownload%2Fms-2.0.0.tgz",
          "integrity": "sha1-VgiurfwAvmwpAd9fmGF4jeDVl8g="
        },
        "parseqs": {
          "version": "0.0.6",
          "resolved": "https://registry.npm.taobao.org/parseqs/download/parseqs-0.0.6.tgz",
          "integrity": "sha1-jku1oZ0c3IRKCKyXTTTic6+mcNU="
        },
        "parseuri": {
          "version": "0.0.6",
          "resolved": "https://registry.npm.taobao.org/parseuri/download/parseuri-0.0.6.tgz",
          "integrity": "sha1-4Ulugp46wv9H85pN0ESzKCPEolo="
        }
      }
    },
    "engine.io-parser": {
      "version": "2.1.3",
      "resolved": "https://registry.npm.taobao.org/engine.io-parser/download/engine.io-parser-2.1.3.tgz",
      "integrity": "sha1-dXq5cPvy37Mse3SwMyFtVznveaY=",
      "requires": {
        "after": "0.8.2",
        "arraybuffer.slice": "~0.0.7",
        "base64-arraybuffer": "0.1.5",
        "blob": "0.0.5",
        "has-binary2": "~1.0.2"
      }
    },
    "engine.io-wxapp-client": {
      "version": "3.1.21",
      "resolved": "https://registry.nlark.com/engine.io-wxapp-client/download/engine.io-wxapp-client-3.1.21.tgz",
      "integrity": "sha1-4UZCwPFEJ5tEkds9AMnahtrUV4A=",
      "requires": {
        "component-emitter": "1.2.1",
        "component-inherit": "0.0.3",
        "debug": "~2.6.9",
        "engine.io-parser": "~2.1.1",
        "has-cors": "1.1.0",
        "indexof": "0.0.1",
        "mp-websocket": "^1.1.11",
        "parseqs": "0.0.5",
        "parseuri": "0.0.5",
        "yeast": "0.1.2"
      },
      "dependencies": {
        "debug": {
          "version": "2.6.9",
          "resolved": "https://registry.npm.taobao.org/debug/download/debug-2.6.9.tgz?cache=0&sync_timestamp=1607566548985&other_urls=https%3A%2F%2Fregistry.npm.taobao.org%2Fdebug%2Fdownload%2Fdebug-2.6.9.tgz",
          "integrity": "sha1-XRKFFd8TT/Mn6QpMk/Tgd6U2NB8=",
          "requires": {
            "ms": "2.0.0"
          }
        },
        "ms": {
          "version": "2.0.0",
          "resolved": "https://registry.npm.taobao.org/ms/download/ms-2.0.0.tgz?cache=0&sync_timestamp=1607433856030&other_urls=https%3A%2F%2Fregistry.npm.taobao.org%2Fms%2Fdownload%2Fms-2.0.0.tgz",
          "integrity": "sha1-VgiurfwAvmwpAd9fmGF4jeDVl8g="
        }
      }
    },
    "has-binary2": {
      "version": "1.0.3",
      "resolved": "https://registry.npm.taobao.org/has-binary2/download/has-binary2-1.0.3.tgz",
      "integrity": "sha1-d3asYn8+p3JQz8My2rfd9eT10R0=",
      "requires": {
        "isarray": "2.0.1"
      }
    },
    "has-cors": {
      "version": "1.1.0",
      "resolved": "https://registry.npm.taobao.org/has-cors/download/has-cors-1.1.0.tgz",
      "integrity": "sha1-XkdHk/fqmEPRu5nCPu9J/xJv/zk="
    },
    "indexof": {
      "version": "0.0.1",
      "resolved": "https://registry.npm.taobao.org/indexof/download/indexof-0.0.1.tgz",
      "integrity": "sha1-gtwzbSMrkGIXnQWrMpOmYFn9Q10="
    },
    "isarray": {
      "version": "2.0.1",
      "resolved": "https://registry.npm.taobao.org/isarray/download/isarray-2.0.1.tgz",
      "integrity": "sha1-o32U7ZzaLVmGXJ92/llu4fM4dB4="
    },
    "mp-websocket": {
      "version": "1.1.12",
      "resolved": "https://registry.nlark.com/mp-websocket/download/mp-websocket-1.1.12.tgz",
      "integrity": "sha1-UI8WwC03HKr0d4/xUHbl9kGLIDg=",
      "requires": {
        "debug": "^3.1.0"
      }
    },
    "ms": {
      "version": "2.1.3",
      "resolved": "https://registry.npm.taobao.org/ms/download/ms-2.1.3.tgz?cache=0&sync_timestamp=1607433856030&other_urls=https%3A%2F%2Fregistry.npm.taobao.org%2Fms%2Fdownload%2Fms-2.1.3.tgz",
      "integrity": "sha1-V0yBOM4dK1hh8LRFedut1gxmFbI="
    },
    "parseqs": {
      "version": "0.0.5",
      "resolved": "https://registry.npm.taobao.org/parseqs/download/parseqs-0.0.5.tgz",
      "integrity": "sha1-1SCKNzjkZ2bikbouoXNoSSGouJ0=",
      "requires": {
        "better-assert": "~1.0.0"
      }
    },
    "parseuri": {
      "version": "0.0.5",
      "resolved": "https://registry.npm.taobao.org/parseuri/download/parseuri-0.0.5.tgz",
      "integrity": "sha1-gCBKUNTbt3m/3G6+J3jZDkvOMgo=",
      "requires": {
        "better-assert": "~1.0.0"
      }
    },
    "socket.io-client": {
      "version": "2.4.0",
      "resolved": "https://registry.nlark.com/socket.io-client/download/socket.io-client-2.4.0.tgz?cache=0&sync_timestamp=1621286128184&other_urls=https%3A%2F%2Fregistry.nlark.com%2Fsocket.io-client%2Fdownload%2Fsocket.io-client-2.4.0.tgz",
      "integrity": "sha1-qvtdWUo8VaNDVVYvyK6iLtkRmjU=",
      "requires": {
        "backo2": "1.0.2",
        "component-bind": "1.0.0",
        "component-emitter": "~1.3.0",
        "debug": "~3.1.0",
        "engine.io-client": "~3.5.0",
        "has-binary2": "~1.0.2",
        "indexof": "0.0.1",
        "parseqs": "0.0.6",
        "parseuri": "0.0.6",
        "socket.io-parser": "~3.3.0",
        "to-array": "0.1.4"
      },
      "dependencies": {
        "component-emitter": {
          "version": "1.3.0",
          "resolved": "https://registry.npm.taobao.org/component-emitter/download/component-emitter-1.3.0.tgz",
          "integrity": "sha1-FuQHD7qK4ptnnyIVhT7hgasuq8A="
        },
        "debug": {
          "version": "3.1.0",
          "resolved": "https://registry.npm.taobao.org/debug/download/debug-3.1.0.tgz?cache=0&sync_timestamp=1607566548985&other_urls=https%3A%2F%2Fregistry.npm.taobao.org%2Fdebug%2Fdownload%2Fdebug-3.1.0.tgz",
          "integrity": "sha1-W7WgZyYotkFJVmuhaBnmFRjGcmE=",
          "requires": {
            "ms": "2.0.0"
          }
        },
        "ms": {
          "version": "2.0.0",
          "resolved": "https://registry.npm.taobao.org/ms/download/ms-2.0.0.tgz?cache=0&sync_timestamp=1607433856030&other_urls=https%3A%2F%2Fregistry.npm.taobao.org%2Fms%2Fdownload%2Fms-2.0.0.tgz",
          "integrity": "sha1-VgiurfwAvmwpAd9fmGF4jeDVl8g="
        },
        "parseqs": {
          "version": "0.0.6",
          "resolved": "https://registry.npm.taobao.org/parseqs/download/parseqs-0.0.6.tgz",
          "integrity": "sha1-jku1oZ0c3IRKCKyXTTTic6+mcNU="
        },
        "parseuri": {
          "version": "0.0.6",
          "resolved": "https://registry.npm.taobao.org/parseuri/download/parseuri-0.0.6.tgz",
          "integrity": "sha1-4Ulugp46wv9H85pN0ESzKCPEolo="
        }
      }
    },
    "socket.io-parser": {
      "version": "3.3.2",
      "resolved": "https://registry.npm.taobao.org/socket.io-parser/download/socket.io-parser-3.3.2.tgz?cache=0&sync_timestamp=1610669809014&other_urls=https%3A%2F%2Fregistry.npm.taobao.org%2Fsocket.io-parser%2Fdownload%2Fsocket.io-parser-3.3.2.tgz",
      "integrity": "sha1-74cgCdCtz3BPL76DAZGhR1KtULY=",
      "requires": {
        "component-emitter": "~1.3.0",
        "debug": "~3.1.0",
        "isarray": "2.0.1"
      },
      "dependencies": {
        "component-emitter": {
          "version": "1.3.0",
          "resolved": "https://registry.npm.taobao.org/component-emitter/download/component-emitter-1.3.0.tgz",
          "integrity": "sha1-FuQHD7qK4ptnnyIVhT7hgasuq8A="
        },
        "debug": {
          "version": "3.1.0",
          "resolved": "https://registry.npm.taobao.org/debug/download/debug-3.1.0.tgz?cache=0&sync_timestamp=1607566548985&other_urls=https%3A%2F%2Fregistry.npm.taobao.org%2Fdebug%2Fdownload%2Fdebug-3.1.0.tgz",
          "integrity": "sha1-W7WgZyYotkFJVmuhaBnmFRjGcmE=",
          "requires": {
            "ms": "2.0.0"
          }
        },
        "ms": {
          "version": "2.0.0",
          "resolved": "https://registry.npm.taobao.org/ms/download/ms-2.0.0.tgz?cache=0&sync_timestamp=1607433856030&other_urls=https%3A%2F%2Fregistry.npm.taobao.org%2Fms%2Fdownload%2Fms-2.0.0.tgz",
          "integrity": "sha1-VgiurfwAvmwpAd9fmGF4jeDVl8g="
        }
      }
    },
    "socket.io-wxapp-client": {
      "version": "1.1.12",
      "resolved": "https://registry.nlark.com/socket.io-wxapp-client/download/socket.io-wxapp-client-1.1.12.tgz",
      "integrity": "sha1-YL7G2CiVTnvOI36j+V4XnYdvXss=",
      "requires": {
        "debug": "^3.1.0",
        "engine.io-wxapp-client": "^3.1.21",
        "socket.io-client": "^2.0.4"
      }
    },
    "to-array": {
      "version": "0.1.4",
      "resolved": "https://registry.npm.taobao.org/to-array/download/to-array-0.1.4.tgz",
      "integrity": "sha1-F+bBH3PdTz10zaek/zI46a2b+JA="
    },
    "ws": {
      "version": "7.4.6",
      "resolved": "https://registry.nlark.com/ws/download/ws-7.4.6.tgz?cache=0&sync_timestamp=1621962881346&other_urls=https%3A%2F%2Fregistry.nlark.com%2Fws%2Fdownload%2Fws-7.4.6.tgz",
      "integrity": "sha1-VlTKjs3u5HwzqaS/bSjivimAN3w="
    },
    "xmlhttprequest-ssl": {
      "version": "1.6.3",
      "resolved": "https://registry.nlark.com/xmlhttprequest-ssl/download/xmlhttprequest-ssl-1.6.3.tgz?cache=0&sync_timestamp=1621245903270&other_urls=https%3A%2F%2Fregistry.nlark.com%2Fxmlhttprequest-ssl%2Fdownload%2Fxmlhttprequest-ssl-1.6.3.tgz",
      "integrity": "sha1-A7cThzsBZZ36LBxdBWBlsn3cLeY="
    },
    "yeast": {
      "version": "0.1.2",
      "resolved": "https://registry.npm.taobao.org/yeast/download/yeast-0.1.2.tgz",
      "integrity": "sha1-AI4G2AlDIMNy28L47XagymyKxBk="
    }
  }
}
